// !$*UTF8*$!
{
	archiveVersion = 1;
	classes = {
	};
	objectVersion = 46;
	objects = {

/* Begin PBXBuildFile section */
		813AECB41C4B7F8100211D40 /* AudioToolbox.framework in Frameworks */ = {isa = PBXBuildFile; fileRef = 813AECB31C4B7F8100211D40 /* AudioToolbox.framework */; };
		8E08C5A01C438CE200A8EF2C /* main.m in Sources */ = {isa = PBXBuildFile; fileRef = 8E08C59F1C438CE200A8EF2C /* main.m */; };
		8E08C5A31C438CE200A8EF2C /* AppDelegate.m in Sources */ = {isa = PBXBuildFile; fileRef = 8E08C5A21C438CE200A8EF2C /* AppDelegate.m */; };
		8E08C5A61C438CE200A8EF2C /* ViewController.m in Sources */ = {isa = PBXBuildFile; fileRef = 8E08C5A51C438CE200A8EF2C /* ViewController.m */; };
		8E08C5A91C438CE200A8EF2C /* Main.storyboard in Resources */ = {isa = PBXBuildFile; fileRef = 8E08C5A71C438CE200A8EF2C /* Main.storyboard */; };
		8E08C5AB1C438CE200A8EF2C /* Assets.xcassets in Resources */ = {isa = PBXBuildFile; fileRef = 8E08C5AA1C438CE200A8EF2C /* Assets.xcassets */; };
		8E08C5AE1C438CE200A8EF2C /* LaunchScreen.storyboard in Resources */ = {isa = PBXBuildFile; fileRef = 8E08C5AC1C438CE200A8EF2C /* LaunchScreen.storyboard */; };
		8E08C5B71C438F6600A8EF2C /* LXAudioPlayer.m in Sources */ = {isa = PBXBuildFile; fileRef = 8E08C5B61C438F6600A8EF2C /* LXAudioPlayer.m */; };
		8E08C5BB1C43A9D400A8EF2C /* test.mp3 in Resources */ = {isa = PBXBuildFile; fileRef = 8E08C5BA1C43A9D400A8EF2C /* test.mp3 */; };
		8E08C5BF1C46274500A8EF2C /* LXRingBuffer.m in Sources */ = {isa = PBXBuildFile; fileRef = 8E08C5BE1C46274500A8EF2C /* LXRingBuffer.m */; };
		8E08C5CC1C473D9000A8EF2C /* LXAudioPlayerTests.m in Sources */ = {isa = PBXBuildFile; fileRef = 8E08C5CB1C473D9000A8EF2C /* LXAudioPlayerTests.m */; };
		8E69B50F1C50DB87002DEFCF /* CoreGraphics.framework in Frameworks */ = {isa = PBXBuildFile; fileRef = 8E69B50E1C50DB87002DEFCF /* CoreGraphics.framework */; };
		8E69B5111C50DB8C002DEFCF /* GLKit.framework in Frameworks */ = {isa = PBXBuildFile; fileRef = 8E69B5101C50DB8C002DEFCF /* GLKit.framework */; };
		8E69B5131C50DB93002DEFCF /* Foundation.framework in Frameworks */ = {isa = PBXBuildFile; fileRef = 8E69B5121C50DB93002DEFCF /* Foundation.framework */; };
		8E69B5151C50DBC7002DEFCF /* AVFoundation.framework in Frameworks */ = {isa = PBXBuildFile; fileRef = 8E69B5141C50DBC7002DEFCF /* AVFoundation.framework */; };
		8E69B5171C50DBCC002DEFCF /* UIKit.framework in Frameworks */ = {isa = PBXBuildFile; fileRef = 8E69B5161C50DBCC002DEFCF /* UIKit.framework */; };
/* End PBXBuildFile section */

/* Begin PBXContainerItemProxy section */
		8E08C5CE1C473D9000A8EF2C /* PBXContainerItemProxy */ = {
			isa = PBXContainerItemProxy;
			containerPortal = 8E08C5931C438CE200A8EF2C /* Project object */;
			proxyType = 1;
			remoteGlobalIDString = 8E08C59A1C438CE200A8EF2C;
			remoteInfo = LXAudioPlayer;
		};
/* End PBXContainerItemProxy section */

/* Begin PBXFileReference section */
		813AECB31C4B7F8100211D40 /* AudioToolbox.framework */ = {isa = PBXFileReference; lastKnownFileType = wrapper.framework; name = AudioToolbox.framework; path = System/Library/Frameworks/AudioToolbox.framework; sourceTree = SDKROOT; };
		8E08C59B1C438CE200A8EF2C /* LXAudioPlayer.app */ = {isa = PBXFileReference; explicitFileType = wrapper.application; includeInIndex = 0; path = LXAudioPlayer.app; sourceTree = BUILT_PRODUCTS_DIR; };
		8E08C59F1C438CE200A8EF2C /* main.m */ = {isa = PBXFileReference; lastKnownFileType = sourcecode.c.objc; path = main.m; sourceTree = "<group>"; };
		8E08C5A11C438CE200A8EF2C /* AppDelegate.h */ = {isa = PBXFileReference; lastKnownFileType = sourcecode.c.h; path = AppDelegate.h; sourceTree = "<group>"; };
		8E08C5A21C438CE200A8EF2C /* AppDelegate.m */ = {isa = PBXFileReference; lastKnownFileType = sourcecode.c.objc; path = AppDelegate.m; sourceTree = "<group>"; };
		8E08C5A41C438CE200A8EF2C /* ViewController.h */ = {isa = PBXFileReference; lastKnownFileType = sourcecode.c.h; path = ViewController.h; sourceTree = "<group>"; };
		8E08C5A51C438CE200A8EF2C /* ViewController.m */ = {isa = PBXFileReference; lastKnownFileType = sourcecode.c.objc; path = ViewController.m; sourceTree = "<group>"; };
		8E08C5A81C438CE200A8EF2C /* Base */ = {isa = PBXFileReference; lastKnownFileType = file.storyboard; name = Base; path = Base.lproj/Main.storyboard; sourceTree = "<group>"; };
		8E08C5AA1C438CE200A8EF2C /* Assets.xcassets */ = {isa = PBXFileReference; lastKnownFileType = folder.assetcatalog; path = Assets.xcassets; sourceTree = "<group>"; };
		8E08C5AD1C438CE200A8EF2C /* Base */ = {isa = PBXFileReference; lastKnownFileType = file.storyboard; name = Base; path = Base.lproj/LaunchScreen.storyboard; sourceTree = "<group>"; };
		8E08C5AF1C438CE200A8EF2C /* Info.plist */ = {isa = PBXFileReference; lastKnownFileType = text.plist.xml; path = Info.plist; sourceTree = "<group>"; };
		8E08C5B51C438F6600A8EF2C /* LXAudioPlayer.h */ = {isa = PBXFileReference; fileEncoding = 4; lastKnownFileType = sourcecode.c.h; path = LXAudioPlayer.h; sourceTree = "<group>"; };
		8E08C5B61C438F6600A8EF2C /* LXAudioPlayer.m */ = {isa = PBXFileReference; fileEncoding = 4; lastKnownFileType = sourcecode.c.objc; path = LXAudioPlayer.m; sourceTree = "<group>"; };
		8E08C5BA1C43A9D400A8EF2C /* test.mp3 */ = {isa = PBXFileReference; lastKnownFileType = audio.mp3; path = test.mp3; sourceTree = "<group>"; };
		8E08C5BD1C46274500A8EF2C /* LXRingBuffer.h */ = {isa = PBXFileReference; fileEncoding = 4; lastKnownFileType = sourcecode.c.h; path = LXRingBuffer.h; sourceTree = "<group>"; };
		8E08C5BE1C46274500A8EF2C /* LXRingBuffer.m */ = {isa = PBXFileReference; fileEncoding = 4; lastKnownFileType = sourcecode.c.objc; path = LXRingBuffer.m; sourceTree = "<group>"; };
		8E08C5C91C473D9000A8EF2C /* LXAudioPlayerTests.xctest */ = {isa = PBXFileReference; explicitFileType = wrapper.cfbundle; includeInIndex = 0; path = LXAudioPlayerTests.xctest; sourceTree = BUILT_PRODUCTS_DIR; };
		8E08C5CB1C473D9000A8EF2C /* LXAudioPlayerTests.m */ = {isa = PBXFileReference; lastKnownFileType = sourcecode.c.objc; path = LXAudioPlayerTests.m; sourceTree = "<group>"; };
		8E08C5CD1C473D9000A8EF2C /* Info.plist */ = {isa = PBXFileReference; lastKnownFileType = text.plist.xml; path = Info.plist; sourceTree = "<group>"; };
		8E08C5D31C474C8500A8EF2C /* LXHeader.h */ = {isa = PBXFileReference; fileEncoding = 4; lastKnownFileType = sourcecode.c.h; path = LXHeader.h; sourceTree = "<group>"; };
		8E69B50E1C50DB87002DEFCF /* CoreGraphics.framework */ = {isa = PBXFileReference; lastKnownFileType = wrapper.framework; name = CoreGraphics.framework; path = System/Library/Frameworks/CoreGraphics.framework; sourceTree = SDKROOT; };
		8E69B5101C50DB8C002DEFCF /* GLKit.framework */ = {isa = PBXFileReference; lastKnownFileType = wrapper.framework; name = GLKit.framework; path = System/Library/Frameworks/GLKit.framework; sourceTree = SDKROOT; };
		8E69B5121C50DB93002DEFCF /* Foundation.framework */ = {isa = PBXFileReference; lastKnownFileType = wrapper.framework; name = Foundation.framework; path = System/Library/Frameworks/Foundation.framework; sourceTree = SDKROOT; };
		8E69B5141C50DBC7002DEFCF /* AVFoundation.framework */ = {isa = PBXFileReference; lastKnownFileType = wrapper.framework; name = AVFoundation.framework; path = System/Library/Frameworks/AVFoundation.framework; sourceTree = SDKROOT; };
		8E69B5161C50DBCC002DEFCF /* UIKit.framework */ = {isa = PBXFileReference; lastKnownFileType = wrapper.framework; name = UIKit.framework; path = System/Library/Frameworks/UIKit.framework; sourceTree = SDKROOT; };
/* End PBXFileReference section */

/* Begin PBXFrameworksBuildPhase section */
		8E08C5981C438CE200A8EF2C /* Frameworks */ = {
			isa = PBXFrameworksBuildPhase;
			buildActionMask = 2147483647;
			files = (
				8E69B5171C50DBCC002DEFCF /* UIKit.framework in Frameworks */,
				8E69B5151C50DBC7002DEFCF /* AVFoundation.framework in Frameworks */,
				8E69B5131C50DB93002DEFCF /* Foundation.framework in Frameworks */,
				8E69B5111C50DB8C002DEFCF /* GLKit.framework in Frameworks */,
				8E69B50F1C50DB87002DEFCF /* CoreGraphics.framework in Frameworks */,
				813AECB41C4B7F8100211D40 /* AudioToolbox.framework in Frameworks */,
			);
			runOnlyForDeploymentPostprocessing = 0;
		};
		8E08C5C61C473D9000A8EF2C /* Frameworks */ = {
			isa = PBXFrameworksBuildPhase;
			buildActionMask = 2147483647;
			files = (
			);
			runOnlyForDeploymentPostprocessing = 0;
		};
/* End PBXFrameworksBuildPhase section */

/* Begin PBXGroup section */
		8E08C5921C438CE200A8EF2C = {
			isa = PBXGroup;
			children = (
				8E69B5161C50DBCC002DEFCF /* UIKit.framework */,
				8E69B5141C50DBC7002DEFCF /* AVFoundation.framework */,
				8E69B5121C50DB93002DEFCF /* Foundation.framework */,
				8E69B5101C50DB8C002DEFCF /* GLKit.framework */,
				8E69B50E1C50DB87002DEFCF /* CoreGraphics.framework */,
				813AECB31C4B7F8100211D40 /* AudioToolbox.framework */,
				8E08C59D1C438CE200A8EF2C /* LXAudioPlayer */,
				8E08C5CA1C473D9000A8EF2C /* LXAudioPlayerTests */,
				8E08C59C1C438CE200A8EF2C /* Products */,
			);
			sourceTree = "<group>";
		};
		8E08C59C1C438CE200A8EF2C /* Products */ = {
			isa = PBXGroup;
			children = (
				8E08C59B1C438CE200A8EF2C /* LXAudioPlayer.app */,
				8E08C5C91C473D9000A8EF2C /* LXAudioPlayerTests.xctest */,
			);
			name = Products;
			sourceTree = "<group>";
		};
		8E08C59D1C438CE200A8EF2C /* LXAudioPlayer */ = {
			isa = PBXGroup;
			children = (
				8E08C5A11C438CE200A8EF2C /* AppDelegate.h */,
				8E08C5A21C438CE200A8EF2C /* AppDelegate.m */,
				8E08C5A41C438CE200A8EF2C /* ViewController.h */,
				8E08C5A51C438CE200A8EF2C /* ViewController.m */,
				8E08C5D31C474C8500A8EF2C /* LXHeader.h */,
				8E08C5B51C438F6600A8EF2C /* LXAudioPlayer.h */,
				8E08C5B61C438F6600A8EF2C /* LXAudioPlayer.m */,
				8E08C5BD1C46274500A8EF2C /* LXRingBuffer.h */,
				8E08C5BE1C46274500A8EF2C /* LXRingBuffer.m */,
				8E08C5BA1C43A9D400A8EF2C /* test.mp3 */,
				8E08C5A71C438CE200A8EF2C /* Main.storyboard */,
				8E08C5AA1C438CE200A8EF2C /* Assets.xcassets */,
				8E08C5AC1C438CE200A8EF2C /* LaunchScreen.storyboard */,
				8E08C5AF1C438CE200A8EF2C /* Info.plist */,
				8E08C59E1C438CE200A8EF2C /* Supporting Files */,
			);
			path = LXAudioPlayer;
			sourceTree = "<group>";
		};
		8E08C59E1C438CE200A8EF2C /* Supporting Files */ = {
			isa = PBXGroup;
			children = (
				8E08C59F1C438CE200A8EF2C /* main.m */,
			);
			name = "Supporting Files";
			sourceTree = "<group>";
		};
		8E08C5CA1C473D9000A8EF2C /* LXAudioPlayerTests */ = {
			isa = PBXGroup;
			children = (
				8E08C5CB1C473D9000A8EF2C /* LXAudioPlayerTests.m */,
				8E08C5CD1C473D9000A8EF2C /* Info.plist */,
			);
			path = LXAudioPlayerTests;
			sourceTree = "<group>";
		};
/* End PBXGroup section */

/* Begin PBXNativeTarget section */
		8E08C59A1C438CE200A8EF2C /* LXAudioPlayer */ = {
			isa = PBXNativeTarget;
			buildConfigurationList = 8E08C5B21C438CE200A8EF2C /* Build configuration list for PBXNativeTarget "LXAudioPlayer" */;
			buildPhases = (
				8E08C5971C438CE200A8EF2C /* Sources */,
				8E08C5981C438CE200A8EF2C /* Frameworks */,
				8E08C5991C438CE200A8EF2C /* Resources */,
			);
			buildRules = (
			);
			dependencies = (
			);
			name = LXAudioPlayer;
			productName = LXAudioPlayer;
			productReference = 8E08C59B1C438CE200A8EF2C /* LXAudioPlayer.app */;
			productType = "com.apple.product-type.application";
		};
		8E08C5C81C473D9000A8EF2C /* LXAudioPlayerTests */ = {
			isa = PBXNativeTarget;
			buildConfigurationList = 8E08C5D21C473D9000A8EF2C /* Build configuration list for PBXNativeTarget "LXAudioPlayerTests" */;
			buildPhases = (
				8E08C5C51C473D9000A8EF2C /* Sources */,
				8E08C5C61C473D9000A8EF2C /* Frameworks */,
				8E08C5C71C473D9000A8EF2C /* Resources */,
			);
			buildRules = (
			);
			dependencies = (
				8E08C5CF1C473D9000A8EF2C /* PBXTargetDependency */,
			);
			name = LXAudioPlayerTests;
			productName = LXAudioPlayerTests;
			productReference = 8E08C5C91C473D9000A8EF2C /* LXAudioPlayerTests.xctest */;
			productType = "com.apple.product-type.bundle.unit-test";
		};
/* End PBXNativeTarget section */

/* Begin PBXProject section */
		8E08C5931C438CE200A8EF2C /* Project object */ = {
			isa = PBXProject;
			attributes = {
				LastUpgradeCheck = 0720;
				ORGANIZATIONNAME = lixing123.com;
				TargetAttributes = {
					8E08C59A1C438CE200A8EF2C = {
						CreatedOnToolsVersion = 7.2;
						DevelopmentTeam = ANR2YRFV52;
					};
					8E08C5C81C473D9000A8EF2C = {
						CreatedOnToolsVersion = 7.2;
						TestTargetID = 8E08C59A1C438CE200A8EF2C;
					};
				};
			};
			buildConfigurationList = 8E08C5961C438CE200A8EF2C /* Build configuration list for PBXProject "LXAudioPlayer" */;
			compatibilityVersion = "Xcode 3.2";
			developmentRegion = English;
			hasScannedForEncodings = 0;
			knownRegions = (
				en,
				Base,
			);
			mainGroup = 8E08C5921C438CE200A8EF2C;
			productRefGroup = 8E08C59C1C438CE200A8EF2C /* Products */;
			projectDirPath = "";
			projectRoot = "";
			targets = (
				8E08C59A1C438CE200A8EF2C /* LXAudioPlayer */,
				8E08C5C81C473D9000A8EF2C /* LXAudioPlayerTests */,
			);
		};
/* End PBXProject section */

/* Begin PBXResourcesBuildPhase section */
		8E08C5991C438CE200A8EF2C /* Resources */ = {
			isa = PBXResourcesBuildPhase;
			buildActionMask = 2147483647;
			files = (
				8E08C5AE1C438CE200A8EF2C /* LaunchScreen.storyboard in Resources */,
				8E08C5AB1C438CE200A8EF2C /* Assets.xcassets in Resources */,
				8E08C5BB1C43A9D400A8EF2C /* test.mp3 in Resources */,
				8E08C5A91C438CE200A8EF2C /* Main.storyboard in Resources */,
			);
			runOnlyForDeploymentPostprocessing = 0;
		};
		8E08C5C71C473D9000A8EF2C /* Resources */ = {
			isa = PBXResourcesBuildPhase;
			buildActionMask = 2147483647;
			files = (
			);
			runOnlyForDeploymentPostprocessing = 0;
		};
/* End PBXResourcesBuildPhase section */

/* Begin PBXSourcesBuildPhase section */
		8E08C5971C438CE200A8EF2C /* Sources */ = {
			isa = PBXSourcesBuildPhase;
			buildActionMask = 2147483647;
			files = (
				8E08C5A61C438CE200A8EF2C /* ViewController.m in Sources */,
				8E08C5B71C438F6600A8EF2C /* LXAudioPlayer.m in Sources */,
				8E08C5BF1C46274500A8EF2C /* LXRingBuffer.m in Sources */,
				8E08C5A31C438CE200A8EF2C /* AppDelegate.m in Sources */,
				8E08C5A01C438CE200A8EF2C /* main.m in Sources */,
			);
			runOnlyForDeploymentPostprocessing = 0;
		};
		8E08C5C51C473D9000A8EF2C /* Sources */ = {
			isa = PBXSourcesBuildPhase;
			buildActionMask = 2147483647;
			files = (
				8E08C5CC1C473D9000A8EF2C /* LXAudioPlayerTests.m in Sources */,
			);
			runOnlyForDeploymentPostprocessing = 0;
		};
/* End PBXSourcesBuildPhase section */

/* Begin PBXTargetDependency section */
		8E08C5CF1C473D9000A8EF2C /* PBXTargetDependency */ = {
			isa = PBXTargetDependency;
			target = 8E08C59A1C438CE200A8EF2C /* LXAudioPlayer */;
			targetProxy = 8E08C5CE1C473D9000A8EF2C /* PBXContainerItemProxy */;
		};
/* End PBXTargetDependency section */

/* Begin PBXVariantGroup section */
		8E08C5A71C438CE200A8EF2C /* Main.storyboard */ = {
			isa = PBXVariantGroup;
			children = (
				8E08C5A81C438CE200A8EF2C /* Base */,
			);
			name = Main.storyboard;
			sourceTree = "<group>";
		};
		8E08C5AC1C438CE200A8EF2C /* LaunchScreen.storyboard */ = {
			isa = PBXVariantGroup;
			children = (
				8E08C5AD1C438CE200A8EF2C /* Base */,
			);
			name = LaunchScreen.storyboard;
			sourceTree = "<group>";
		};
/* End PBXVariantGroup section */

/* Begin XCBuildConfiguration section */
		8E08C5B01C438CE200A8EF2C /* Debug */ = {
			isa = XCBuildConfiguration;
			buildSettings = {
				ALWAYS_SEARCH_USER_PATHS = NO;
				CLANG_CXX_LANGUAGE_STANDARD = "gnu++0x";
				CLANG_CXX_LIBRARY = "libc++";
				CLANG_ENABLE_MODULES = YES;
				CLANG_ENABLE_OBJC_ARC = YES;
				CLANG_WARN_BOOL_CONVERSION = YES;
				CLANG_WARN_CONSTANT_CONVERSION = YES;
				CLANG_WARN_DIRECT_OBJC_ISA_USAGE = YES_ERROR;
				CLANG_WARN_EMPTY_BODY = YES;
				CLANG_WARN_ENUM_CONVERSION = YES;
				CLANG_WARN_INT_CONVERSION = YES;
				CLANG_WARN_OBJC_ROOT_CLASS = YES_ERROR;
				CLANG_WARN_UNREACHABLE_CODE = YES;
				CLANG_WARN__DUPLICATE_METHOD_MATCH = YES;
				"CODE_SIGN_IDENTITY[sdk=iphoneos*]" = "iPhone Developer";
				COPY_PHASE_STRIP = NO;
				DEBUG_INFORMATION_FORMAT = dwarf;
				ENABLE_STRICT_OBJC_MSGSEND = YES;
				ENABLE_TESTABILITY = YES;
				GCC_C_LANGUAGE_STANDARD = gnu99;
				GCC_DYNAMIC_NO_PIC = NO;
				GCC_NO_COMMON_BLOCKS = YES;
				GCC_OPTIMIZATION_LEVEL = 0;
				GCC_PREPROCESSOR_DEFINITIONS = (
					"DEBUG=1",
					"$(inherited)",
				);
				GCC_WARN_64_TO_32_BIT_CONVERSION = YES;
				GCC_WARN_ABOUT_RETURN_TYPE = YES_ERROR;
				GCC_WARN_UNDECLARED_SELECTOR = YES;
				GCC_WARN_UNINITIALIZED_AUTOS = YES_AGGRESSIVE;
				GCC_WARN_UNUSED_FUNCTION = YES;
				GCC_WARN_UNUSED_VARIABLE = YES;
				IPHONEOS_DEPLOYMENT_TARGET = 9.2;
				MTL_ENABLE_DEBUG_INFO = YES;
				ONLY_ACTIVE_ARCH = YES;
				SDKROOT = iphoneos;
			};
			name = Debug;
		};
		8E08C5B11C438CE200A8EF2C /* Release */ = {
			isa = XCBuildConfiguration;
			buildSettings = {
				ALWAYS_SEARCH_USER_PATHS = NO;
				CLANG_CXX_LANGUAGE_STANDARD = "gnu++0x";
				CLANG_CXX_LIBRARY = "libc++";
				CLANG_ENABLE_MODULES = YES;
				CLANG_ENABLE_OBJC_ARC = YES;
				CLANG_WARN_BOOL_CONVERSION = YES;
				CLANG_WARN_CONSTANT_CONVERSION = YES;
				CLANG_WARN_DIRECT_OBJC_ISA_USAGE = YES_ERROR;
				CLANG_WARN_EMPTY_BODY = YES;
				CLANG_WARN_ENUM_CONVERSION = YES;
				CLANG_WARN_INT_CONVERSION = YES;
				CLANG_WARN_OBJC_ROOT_CLASS = YES_ERROR;
				CLANG_WARN_UNREACHABLE_CODE = YES;
				CLANG_WARN__DUPLICATE_METHOD_MATCH = YES;
				"CODE_SIGN_IDENTITY[sdk=iphoneos*]" = "iPhone Developer";
				COPY_PHASE_STRIP = NO;
				DEBUG_INFORMATION_FORMAT = "dwarf-with-dsym";
				ENABLE_NS_ASSERTIONS = NO;
				ENABLE_STRICT_OBJC_MSGSEND = YES;
				GCC_C_LANGUAGE_STANDARD = gnu99;
				GCC_NO_COMMON_BLOCKS = YES;
				GCC_WARN_64_TO_32_BIT_CONVERSION = YES;
				GCC_WARN_ABOUT_RETURN_TYPE = YES_ERROR;
				GCC_WARN_UNDECLARED_SELECTOR = YES;
				GCC_WARN_UNINITIALIZED_AUTOS = YES_AGGRESSIVE;
				GCC_WARN_UNUSED_FUNCTION = YES;
				GCC_WARN_UNUSED_VARIABLE = YES;
				IPHONEOS_DEPLOYMENT_TARGET = 9.2;
				MTL_ENABLE_DEBUG_INFO = NO;
				SDKROOT = iphoneos;
				VALIDATE_PRODUCT = YES;
			};
			name = Release;
		};
		8E08C5B31C438CE200A8EF2C /* Debug */ = {
			isa = XCBuildConfiguration;
			buildSettings = {
				ASSETCATALOG_COMPILER_APPICON_NAME = AppIcon;
				CODE_SIGN_IDENTITY = "iPhone Developer";
				INFOPLIST_FILE = LXAudioPlayer/Info.plist;
				LD_RUNPATH_SEARCH_PATHS = "$(inherited) @executable_path/Frameworks";
				PRODUCT_BUNDLE_IDENTIFIER = com.lixing123.LXAudioPlayer;
				PRODUCT_NAME = "$(TARGET_NAME)";
			};
			name = Debug;
		};
		8E08C5B41C438CE200A8EF2C /* Release */ = {
			isa = XCBuildConfiguration;
			buildSettings = {
				ASSETCATALOG_COMPILER_APPICON_NAME = AppIcon;
				CODE_SIGN_IDENTITY = "iPhone Developer";
				INFOPLIST_FILE = LXAudioPlayer/Info.plist;
				LD_RUNPATH_SEARCH_PATHS = "$(inherited) @executable_path/Frameworks";
				PRODUCT_BUNDLE_IDENTIFIER = com.lixing123.LXAudioPlayer;
				PRODUCT_NAME = "$(TARGET_NAME)";
			};
			name = Release;
		};
		8E08C5D01C473D9000A8EF2C /* Debug */ = {
			isa = XCBuildConfiguration;
			buildSettings = {
				BUNDLE_LOADER = "$(TEST_HOST)";
				INFOPLIST_FILE = LXAudioPlayerTests/Info.plist;
				LD_RUNPATH_SEARCH_PATHS = "$(inherited) @executable_path/Frameworks @loader_path/Frameworks";
				PRODUCT_BUNDLE_IDENTIFIER = com.lixing123.LXAudioPlayerTests;
				PRODUCT_NAME = "$(TARGET_NAME)";
				TEST_HOST = "$(BUILT_PRODUCTS_DIR)/LXAudioPlayer.app/LXAudioPlayer";
			};
			name = Debug;
		};
		8E08C5D11C473D9000A8EF2C /* Release */ = {
			isa = XCBuildConfiguration;
			buildSettings = {
				BUNDLE_LOADER = "$(TEST_HOST)";
				INFOPLIST_FILE = LXAudioPlayerTests/Info.plist;
				LD_RUNPATH_SEARCH_PATHS = "$(inherited) @executable_path/Frameworks @loader_path/Frameworks";
				PRODUCT_BUNDLE_IDENTIFIER = com.lixing123.LXAudioPlayerTests;
				PRODUCT_NAME = "$(TARGET_NAME)";
				TEST_HOST = "$(BUILT_PRODUCTS_DIR)/LXAudioPlayer.app/LXAudioPlayer";
			};
			name = Release;
		};
/* End XCBuildConfiguration section */

/* Begin XCConfigurationList section */
		8E08C5961C438CE200A8EF2C /* Build configuration list for PBXProject "LXAudioPlayer" */ = {
			isa = XCConfigurationList;
			buildConfigurations = (
				8E08C5B01C438CE200A8EF2C /* Debug */,
				8E08C5B11C438CE200A8EF2C /* Release */,
			);
			defaultConfigurationIsVisible = 0;
			defaultConfigurationName = Release;
		};
		8E08C5B21C438CE200A8EF2C /* Build configuration list for PBXNativeTarget "LXAudioPlayer" */ = {
			isa = XCConfigurationList;
			buildConfigurations = (
				8E08C5B31C438CE200A8EF2C /* Debug */,
				8E08C5B41C438CE200A8EF2C /* Release */,
			);
			defaultConfigurationIsVisible = 0;
			defaultConfigurationName = Release;
		};
		8E08C5D21C473D9000A8EF2C /* Build configuration list for PBXNativeTarget "LXAudioPlayerTests" */ = {
			isa = XCConfigurationList;
			buildConfigurations = (
				8E08C5D01C473D9000A8EF2C /* Debug */,
				8E08C5D11C473D9000A8EF2C /* Release */,
			);
			defaultConfigurationIsVisible = 0;
			defaultConfigurationName = Release;
		};
/* End XCConfigurationList section */
	};
	rootObject = 8E08C5931C438CE200A8EF2C /* Project object */;
}
