// !$*UTF8*$!
{
	archiveVersion = 1;
	classes = {
	};
	objectVersion = 46;
	objects = {

/* Begin PBXBuildFile section */
		8119F08F1C721794008B2E0D /* LXAudioPlayer.m in Sources */ = {isa = PBXBuildFile; fileRef = 8119F08C1C721794008B2E0D /* LXAudioPlayer.m */; };
		8119F0901C721794008B2E0D /* LXRingBuffer.m in Sources */ = {isa = PBXBuildFile; fileRef = 8119F08E1C721794008B2E0D /* LXRingBuffer.m */; };
		8119F0911C721883008B2E0D /* LXAudioPlayer.h in CopyFiles */ = {isa = PBXBuildFile; fileRef = 8119F08B1C721794008B2E0D /* LXAudioPlayer.h */; };
		8119F0921C721888008B2E0D /* LXRingBuffer.h in CopyFiles */ = {isa = PBXBuildFile; fileRef = 8119F08D1C721794008B2E0D /* LXRingBuffer.h */; };
/* End PBXBuildFile section */

/* Begin PBXCopyFilesBuildPhase section */
		8119F07D1C72176F008B2E0D /* CopyFiles */ = {
			isa = PBXCopyFilesBuildPhase;
			buildActionMask = 2147483647;
			dstPath = "include/$(PRODUCT_NAME)";
			dstSubfolderSpec = 16;
			files = (
				8119F0921C721888008B2E0D /* LXRingBuffer.h in CopyFiles */,
				8119F0911C721883008B2E0D /* LXAudioPlayer.h in CopyFiles */,
			);
			runOnlyForDeploymentPostprocessing = 0;
		};
/* End PBXCopyFilesBuildPhase section */

/* Begin PBXFileReference section */
		8119F07F1C72176F008B2E0D /* libLXAudioPlayer.a */ = {isa = PBXFileReference; explicitFileType = archive.ar; includeInIndex = 0; path = libLXAudioPlayer.a; sourceTree = BUILT_PRODUCTS_DIR; };
		8119F08B1C721794008B2E0D /* LXAudioPlayer.h */ = {isa = PBXFileReference; fileEncoding = 4; lastKnownFileType = sourcecode.c.h; path = LXAudioPlayer.h; sourceTree = "<group>"; };
		8119F08C1C721794008B2E0D /* LXAudioPlayer.m */ = {isa = PBXFileReference; fileEncoding = 4; lastKnownFileType = sourcecode.c.objc; path = LXAudioPlayer.m; sourceTree = "<group>"; };
		8119F08D1C721794008B2E0D /* LXRingBuffer.h */ = {isa = PBXFileReference; fileEncoding = 4; lastKnownFileType = sourcecode.c.h; path = LXRingBuffer.h; sourceTree = "<group>"; };
		8119F08E1C721794008B2E0D /* LXRingBuffer.m */ = {isa = PBXFileReference; fileEncoding = 4; lastKnownFileType = sourcecode.c.objc; path = LXRingBuffer.m; sourceTree = "<group>"; };
/* End PBXFileReference section */

/* Begin PBXFrameworksBuildPhase section */
		8119F07C1C72176F008B2E0D /* Frameworks */ = {
			isa = PBXFrameworksBuildPhase;
			buildActionMask = 2147483647;
			files = (
			);
			runOnlyForDeploymentPostprocessing = 0;
		};
/* End PBXFrameworksBuildPhase section */

/* Begin PBXGroup section */
		8119F0761C72176F008B2E0D = {
			isa = PBXGroup;
			children = (
				8119F0811C72176F008B2E0D /* LXAudioPlayer */,
				8119F0801C72176F008B2E0D /* Products */,
			);
			sourceTree = "<group>";
		};
		8119F0801C72176F008B2E0D /* Products */ = {
			isa = PBXGroup;
			children = (
				8119F07F1C72176F008B2E0D /* libLXAudioPlayer.a */,
			);
			name = Products;
			sourceTree = "<group>";
		};
		8119F0811C72176F008B2E0D /* LXAudioPlayer */ = {
			isa = PBXGroup;
			children = (
				8119F08B1C721794008B2E0D /* LXAudioPlayer.h */,
				8119F08C1C721794008B2E0D /* LXAudioPlayer.m */,
				8119F08D1C721794008B2E0D /* LXRingBuffer.h */,
				8119F08E1C721794008B2E0D /* LXRingBuffer.m */,
			);
			path = LXAudioPlayer;
			sourceTree = "<group>";
		};
/* End PBXGroup section */

/* Begin PBXNativeTarget section */
		8119F07E1C72176F008B2E0D /* LXAudioPlayer */ = {
			isa = PBXNativeTarget;
			buildConfigurationList = 8119F0881C72176F008B2E0D /* Build configuration list for PBXNativeTarget "LXAudioPlayer" */;
			buildPhases = (
				8119F07B1C72176F008B2E0D /* Sources */,
				8119F07C1C72176F008B2E0D /* Frameworks */,
				8119F07D1C72176F008B2E0D /* CopyFiles */,
			);
			buildRules = (
			);
			dependencies = (
			);
			name = LXAudioPlayer;
			productName = LXAudioPlayer;
			productReference = 8119F07F1C72176F008B2E0D /* libLXAudioPlayer.a */;
			productType = "com.apple.product-type.library.static";
		};
/* End PBXNativeTarget section */

/* Begin PBXProject section */
		8119F0771C72176F008B2E0D /* Project object */ = {
			isa = PBXProject;
			attributes = {
				LastUpgradeCheck = 0720;
				ORGANIZATIONNAME = xinglii;
				TargetAttributes = {
					8119F07E1C72176F008B2E0D = {
						CreatedOnToolsVersion = 7.2.1;
					};
				};
			};
			buildConfigurationList = 8119F07A1C72176F008B2E0D /* Build configuration list for PBXProject "LXAudioPlayer" */;
			compatibilityVersion = "Xcode 3.2";
			developmentRegion = English;
			hasScannedForEncodings = 0;
			knownRegions = (
				en,
			);
			mainGroup = 8119F0761C72176F008B2E0D;
			productRefGroup = 8119F0801C72176F008B2E0D /* Products */;
			projectDirPath = "";
			projectRoot = "";
			targets = (
				8119F07E1C72176F008B2E0D /* LXAudioPlayer */,
			);
		};
/* End PBXProject section */

/* Begin PBXSourcesBuildPhase section */
		8119F07B1C72176F008B2E0D /* Sources */ = {
			isa = PBXSourcesBuildPhase;
			buildActionMask = 2147483647;
			files = (
				8119F08F1C721794008B2E0D /* LXAudioPlayer.m in Sources */,
				8119F0901C721794008B2E0D /* LXRingBuffer.m in Sources */,
			);
			runOnlyForDeploymentPostprocessing = 0;
		};
/* End PBXSourcesBuildPhase section */

/* Begin XCBuildConfiguration section */
		8119F0861C72176F008B2E0D /* Debug */ = {
			isa = XCBuildConfiguration;
			buildSettings = {
				ALWAYS_SEARCH_USER_PATHS = NO;
				CLANG_CXX_LANGUAGE_STANDARD = "gnu++0x";
				CLANG_CXX_LIBRARY = "libc++";
				CLANG_ENABLE_MODULES = YES;
				CLANG_ENABLE_OBJC_ARC = YES;
				CLANG_WARN_BOOL_CONVERSION = YES;
				CLANG_WARN_CONSTANT_CONVERSION = YES;
				CLANG_WARN_DIRECT_OBJC_ISA_USAGE = YES_ERROR;
				CLANG_WARN_EMPTY_BODY = YES;
				CLANG_WARN_ENUM_CONVERSION = YES;
				CLANG_WARN_INT_CONVERSION = YES;
				CLANG_WARN_OBJC_ROOT_CLASS = YES_ERROR;
				CLANG_WARN_UNREACHABLE_CODE = YES;
				CLANG_WARN__DUPLICATE_METHOD_MATCH = YES;
				"CODE_SIGN_IDENTITY[sdk=iphoneos*]" = "iPhone Developer";
				COPY_PHASE_STRIP = NO;
				DEBUG_INFORMATION_FORMAT = dwarf;
				ENABLE_STRICT_OBJC_MSGSEND = YES;
				ENABLE_TESTABILITY = YES;
				GCC_C_LANGUAGE_STANDARD = gnu99;
				GCC_DYNAMIC_NO_PIC = NO;
				GCC_NO_COMMON_BLOCKS = YES;
				GCC_OPTIMIZATION_LEVEL = 0;
				GCC_PREPROCESSOR_DEFINITIONS = (
					"DEBUG=1",
					"$(inherited)",
				);
				GCC_WARN_64_TO_32_BIT_CONVERSION = YES;
				GCC_WARN_ABOUT_RETURN_TYPE = YES_ERROR;
				GCC_WARN_UNDECLARED_SELECTOR = YES;
				GCC_WARN_UNINITIALIZED_AUTOS = YES_AGGRESSIVE;
				GCC_WARN_UNUSED_FUNCTION = YES;
				GCC_WARN_UNUSED_VARIABLE = YES;
				IPHONEOS_DEPLOYMENT_TARGET = 9.2;
				MTL_ENABLE_DEBUG_INFO = YES;
				ONLY_ACTIVE_ARCH = YES;
				SDKROOT = iphoneos;
			};
			name = Debug;
		};
		8119F0871C72176F008B2E0D /* Release */ = {
			isa = XCBuildConfiguration;
			buildSettings = {
				ALWAYS_SEARCH_USER_PATHS = NO;
				CLANG_CXX_LANGUAGE_STANDARD = "gnu++0x";
				CLANG_CXX_LIBRARY = "libc++";
				CLANG_ENABLE_MODULES = YES;
				CLANG_ENABLE_OBJC_ARC = YES;
				CLANG_WARN_BOOL_CONVERSION = YES;
				CLANG_WARN_CONSTANT_CONVERSION = YES;
				CLANG_WARN_DIRECT_OBJC_ISA_USAGE = YES_ERROR;
				CLANG_WARN_EMPTY_BODY = YES;
				CLANG_WARN_ENUM_CONVERSION = YES;
				CLANG_WARN_INT_CONVERSION = YES;
				CLANG_WARN_OBJC_ROOT_CLASS = YES_ERROR;
				CLANG_WARN_UNREACHABLE_CODE = YES;
				CLANG_WARN__DUPLICATE_METHOD_MATCH = YES;
				"CODE_SIGN_IDENTITY[sdk=iphoneos*]" = "iPhone Developer";
				COPY_PHASE_STRIP = NO;
				DEBUG_INFORMATION_FORMAT = "dwarf-with-dsym";
				ENABLE_NS_ASSERTIONS = NO;
				ENABLE_STRICT_OBJC_MSGSEND = YES;
				GCC_C_LANGUAGE_STANDARD = gnu99;
				GCC_NO_COMMON_BLOCKS = YES;
				GCC_WARN_64_TO_32_BIT_CONVERSION = YES;
				GCC_WARN_ABOUT_RETURN_TYPE = YES_ERROR;
				GCC_WARN_UNDECLARED_SELECTOR = YES;
				GCC_WARN_UNINITIALIZED_AUTOS = YES_AGGRESSIVE;
				GCC_WARN_UNUSED_FUNCTION = YES;
				GCC_WARN_UNUSED_VARIABLE = YES;
				IPHONEOS_DEPLOYMENT_TARGET = 9.2;
				MTL_ENABLE_DEBUG_INFO = NO;
				SDKROOT = iphoneos;
				VALIDATE_PRODUCT = YES;
			};
			name = Release;
		};
		8119F0891C72176F008B2E0D /* Debug */ = {
			isa = XCBuildConfiguration;
			buildSettings = {
				OTHER_LDFLAGS = "-ObjC";
				PRODUCT_NAME = "$(TARGET_NAME)";
				SKIP_INSTALL = YES;
			};
			name = Debug;
		};
		8119F08A1C72176F008B2E0D /* Release */ = {
			isa = XCBuildConfiguration;
			buildSettings = {
				OTHER_LDFLAGS = "-ObjC";
				PRODUCT_NAME = "$(TARGET_NAME)";
				SKIP_INSTALL = YES;
			};
			name = Release;
		};
/* End XCBuildConfiguration section */

/* Begin XCConfigurationList section */
		8119F07A1C72176F008B2E0D /* Build configuration list for PBXProject "LXAudioPlayer" */ = {
			isa = XCConfigurationList;
			buildConfigurations = (
				8119F0861C72176F008B2E0D /* Debug */,
				8119F0871C72176F008B2E0D /* Release */,
			);
			defaultConfigurationIsVisible = 0;
			defaultConfigurationName = Release;
		};
		8119F0881C72176F008B2E0D /* Build configuration list for PBXNativeTarget "LXAudioPlayer" */ = {
			isa = XCConfigurationList;
			buildConfigurations = (
				8119F0891C72176F008B2E0D /* Debug */,
				8119F08A1C72176F008B2E0D /* Release */,
			);
			defaultConfigurationIsVisible = 0;
		};
/* End XCConfigurationList section */
	};
	rootObject = 8119F0771C72176F008B2E0D /* Project object */;
}
